
Microsoft Visual Studio Solution File, Format Version 12.00
# Visual Studio Version 17
VisualStudioVersion = 17.0.32014.148
MinimumVisualStudioVersion = 10.0.40219.1
Project("{9A19103F-16F7-4668-BE54-9A1E7A4F7556}") = "FPVentures", "FPVentures\FPVentures.csproj", "{DC00A3FC-D1DA-4824-9B42-2891EFE9A8B8}"
EndProject
Project("{9A19103F-16F7-4668-BE54-9A1E7A4F7556}") = "FPVenturesFive9Dispostion", "FPVenturesFive9Dispostion\FPVenturesFive9Dispostion.csproj", "{D87A9AB5-C4F4-4F74-8CD7-15CCCFF719CC}"
EndProject
Project("{9A19103F-16F7-4668-BE54-9A1E7A4F7556}") = "FPVenturesPestRoutes", "FPVenturesPestRoutes\FPVenturesPestRoutes.csproj", "{C866D0D9-4887-4608-9AF7-F38FA3737B5D}"
EndProject
Project("{9A19103F-16F7-4668-BE54-9A1E7A4F7556}") = "PestRoutesTest", "PestRoutesTest\PestRoutesTest.csproj", "{9544A6BC-E709-41F2-943A-7CBB6BDEE3C1}"
EndProject
Project("{9A19103F-16F7-4668-BE54-9A1E7A4F7556}") = "FPVenturesFive9UnbounceDisposition", "FPVenturesFive9Disposition\FPVenturesFive9UnbounceDisposition.csproj", "{B2F39DB2-DE25-463C-89DC-6C82DA9CA773}"
EndProject
Project("{9A19103F-16F7-4668-BE54-9A1E7A4F7556}") = "UpdateDispositions", "UpdateDispositions\UpdateDispositions.csproj", "{AE48397D-8BE8-419E-8572-6EE1AC1B03CF}"
EndProject
Project("{9A19103F-16F7-4668-BE54-9A1E7A4F7556}") = "ZohoGoogleSheetsIntegration", "ZohoGoogleSheetsIntegration\ZohoGoogleSheetsIntegration.csproj", "{A903C2F7-938B-4644-9F42-6D834EA6C244}"
EndProject
Project("{9A19103F-16F7-4668-BE54-9A1E7A4F7556}") = "FPVenturesZohoGoogleSheetsIntegration", "FPVenturesZohoGoogleSheetsIntegration\FPVenturesZohoGoogleSheetsIntegration.csproj", "{6B43CA1D-C9A2-40E4-8F70-11EE6D8D147A}"
EndProject
Project("{9A19103F-16F7-4668-BE54-9A1E7A4F7556}") = "ZohoGoogleIntegration", "ZohoGoogleIntegration\ZohoGoogleIntegration.csproj", "{C2B34733-2470-446F-8D7E-E66DD927B33E}"
EndProject
Project("{9A19103F-16F7-4668-BE54-9A1E7A4F7556}") = "TEst", "TEst\TEst.csproj", "{C6EF416A-C41F-4F6F-BD16-5DB94945E2EB}"
EndProject
Project("{9A19103F-16F7-4668-BE54-9A1E7A4F7556}") = "HeyFlowIntegration", "HeyFlowIntegration\HeyFlowIntegration.csproj", "{F97A6EAF-0F1B-4A0C-A782-251F48B19BFF}"
EndProject
Project("{9A19103F-16F7-4668-BE54-9A1E7A4F7556}") = "HeyFlowTest", "HeyFlowTest\HeyFlowTest.csproj", "{9148E088-93C4-455E-ADCA-25E33195DF00}"
EndProject
Project("{9A19103F-16F7-4668-BE54-9A1E7A4F7556}") = "FPVenturesZohoInventory", "FPVenturesZohoInventory\FPVenturesZohoInventory.csproj", "{1FCACBF1-E944-41DF-83DC-BFBDB0701ECD}"
EndProject
Project("{9A19103F-16F7-4668-BE54-9A1E7A4F7556}") = "FPVenturesFive9PestRouteDispositions", "FPVenturesPestRouteDispositions\FPVenturesFive9PestRouteDispositions.csproj", "{371D2A13-D465-4A8B-B591-4490A7E10ECE}"
EndProject
Project("{9A19103F-16F7-4668-BE54-9A1E7A4F7556}") = "FPVenturesHawx", "FPVenturesHawx\FPVenturesHawx.csproj", "{9EB482D8-7193-4D1C-BD62-1575DF22CABD}"
EndProject
Project("{9A19103F-16F7-4668-BE54-9A1E7A4F7556}") = "FPVenturesHawxIntegration", "FPVenturesHawxIntegration\FPVenturesHawxIntegration.csproj", "{18C91676-2B95-47FA-8E14-5076E09C307A}"
EndProject
Project("{9A19103F-16F7-4668-BE54-9A1E7A4F7556}") = "FPVenturesZohoInventorySalesOrder", "FPVenturesZohoInventorySalesOrder\FPVenturesZohoInventorySalesOrder.csproj", "{B935C915-8548-4B91-B026-B2CAE361FCB3}"
EndProject
Project("{9A19103F-16F7-4668-BE54-9A1E7A4F7556}") = "FPVenturesZohoInventoryPurchaseOrder", "FPVenturesZohoInventoryPurchaseOrder\FPVenturesZohoInventoryPurchaseOrder.csproj", "{22909F12-A4D6-4F5E-B208-75BB688E17EB}"
EndProject
Project("{FAE04EC0-301F-11D3-BF4B-00C04F79EFBC}") = "DeleteUnAnsweredDispositionsFromZohoCRM", "DeleteUnAnsweredDispositionsFromZohoCRM\DeleteUnAnsweredDispositionsFromZohoCRM.csproj", "{793A1BCC-0D79-4FF8-B3F1-2AF3B4BB95E1}"
EndProject
Global
	GlobalSection(SolutionConfigurationPlatforms) = preSolution
		Debug|Any CPU = Debug|Any CPU
		Release|Any CPU = Release|Any CPU
	EndGlobalSection
	GlobalSection(ProjectConfigurationPlatforms) = postSolution
		{DC00A3FC-D1DA-4824-9B42-2891EFE9A8B8}.Debug|Any CPU.ActiveCfg = Debug|Any CPU
		{DC00A3FC-D1DA-4824-9B42-2891EFE9A8B8}.Debug|Any CPU.Build.0 = Debug|Any CPU
		{DC00A3FC-D1DA-4824-9B42-2891EFE9A8B8}.Release|Any CPU.ActiveCfg = Release|Any CPU
		{DC00A3FC-D1DA-4824-9B42-2891EFE9A8B8}.Release|Any CPU.Build.0 = Release|Any CPU
		{D87A9AB5-C4F4-4F74-8CD7-15CCCFF719CC}.Debug|Any CPU.ActiveCfg = Debug|Any CPU
		{D87A9AB5-C4F4-4F74-8CD7-15CCCFF719CC}.Debug|Any CPU.Build.0 = Debug|Any CPU
		{D87A9AB5-C4F4-4F74-8CD7-15CCCFF719CC}.Release|Any CPU.ActiveCfg = Release|Any CPU
		{D87A9AB5-C4F4-4F74-8CD7-15CCCFF719CC}.Release|Any CPU.Build.0 = Release|Any CPU
		{C866D0D9-4887-4608-9AF7-F38FA3737B5D}.Debug|Any CPU.ActiveCfg = Debug|Any CPU
		{C866D0D9-4887-4608-9AF7-F38FA3737B5D}.Debug|Any CPU.Build.0 = Debug|Any CPU
		{C866D0D9-4887-4608-9AF7-F38FA3737B5D}.Release|Any CPU.ActiveCfg = Release|Any CPU
		{C866D0D9-4887-4608-9AF7-F38FA3737B5D}.Release|Any CPU.Build.0 = Release|Any CPU
		{9544A6BC-E709-41F2-943A-7CBB6BDEE3C1}.Debug|Any CPU.ActiveCfg = Debug|Any CPU
		{9544A6BC-E709-41F2-943A-7CBB6BDEE3C1}.Debug|Any CPU.Build.0 = Debug|Any CPU
		{9544A6BC-E709-41F2-943A-7CBB6BDEE3C1}.Release|Any CPU.ActiveCfg = Release|Any CPU
		{9544A6BC-E709-41F2-943A-7CBB6BDEE3C1}.Release|Any CPU.Build.0 = Release|Any CPU
		{B2F39DB2-DE25-463C-89DC-6C82DA9CA773}.Debug|Any CPU.ActiveCfg = Debug|Any CPU
		{B2F39DB2-DE25-463C-89DC-6C82DA9CA773}.Debug|Any CPU.Build.0 = Debug|Any CPU
		{B2F39DB2-DE25-463C-89DC-6C82DA9CA773}.Release|Any CPU.ActiveCfg = Release|Any CPU
		{B2F39DB2-DE25-463C-89DC-6C82DA9CA773}.Release|Any CPU.Build.0 = Release|Any CPU
		{AE48397D-8BE8-419E-8572-6EE1AC1B03CF}.Debug|Any CPU.ActiveCfg = Debug|Any CPU
		{AE48397D-8BE8-419E-8572-6EE1AC1B03CF}.Debug|Any CPU.Build.0 = Debug|Any CPU
		{AE48397D-8BE8-419E-8572-6EE1AC1B03CF}.Release|Any CPU.ActiveCfg = Release|Any CPU
		{AE48397D-8BE8-419E-8572-6EE1AC1B03CF}.Release|Any CPU.Build.0 = Release|Any CPU
		{A903C2F7-938B-4644-9F42-6D834EA6C244}.Debug|Any CPU.ActiveCfg = Debug|Any CPU
		{A903C2F7-938B-4644-9F42-6D834EA6C244}.Debug|Any CPU.Build.0 = Debug|Any CPU
		{A903C2F7-938B-4644-9F42-6D834EA6C244}.Release|Any CPU.ActiveCfg = Release|Any CPU
		{A903C2F7-938B-4644-9F42-6D834EA6C244}.Release|Any CPU.Build.0 = Release|Any CPU
		{6B43CA1D-C9A2-40E4-8F70-11EE6D8D147A}.Debug|Any CPU.ActiveCfg = Debug|Any CPU
		{6B43CA1D-C9A2-40E4-8F70-11EE6D8D147A}.Debug|Any CPU.Build.0 = Debug|Any CPU
		{6B43CA1D-C9A2-40E4-8F70-11EE6D8D147A}.Release|Any CPU.ActiveCfg = Release|Any CPU
		{6B43CA1D-C9A2-40E4-8F70-11EE6D8D147A}.Release|Any CPU.Build.0 = Release|Any CPU
		{C2B34733-2470-446F-8D7E-E66DD927B33E}.Debug|Any CPU.ActiveCfg = Debug|Any CPU
		{C2B34733-2470-446F-8D7E-E66DD927B33E}.Debug|Any CPU.Build.0 = Debug|Any CPU
		{C2B34733-2470-446F-8D7E-E66DD927B33E}.Release|Any CPU.ActiveCfg = Release|Any CPU
		{C2B34733-2470-446F-8D7E-E66DD927B33E}.Release|Any CPU.Build.0 = Release|Any CPU
		{C6EF416A-C41F-4F6F-BD16-5DB94945E2EB}.Debug|Any CPU.ActiveCfg = Debug|Any CPU
		{C6EF416A-C41F-4F6F-BD16-5DB94945E2EB}.Debug|Any CPU.Build.0 = Debug|Any CPU
		{C6EF416A-C41F-4F6F-BD16-5DB94945E2EB}.Release|Any CPU.ActiveCfg = Release|Any CPU
		{C6EF416A-C41F-4F6F-BD16-5DB94945E2EB}.Release|Any CPU.Build.0 = Release|Any CPU
		{F97A6EAF-0F1B-4A0C-A782-251F48B19BFF}.Debug|Any CPU.ActiveCfg = Debug|Any CPU
		{F97A6EAF-0F1B-4A0C-A782-251F48B19BFF}.Debug|Any CPU.Build.0 = Debug|Any CPU
		{F97A6EAF-0F1B-4A0C-A782-251F48B19BFF}.Release|Any CPU.ActiveCfg = Release|Any CPU
		{F97A6EAF-0F1B-4A0C-A782-251F48B19BFF}.Release|Any CPU.Build.0 = Release|Any CPU
		{9148E088-93C4-455E-ADCA-25E33195DF00}.Debug|Any CPU.ActiveCfg = Debug|Any CPU
		{9148E088-93C4-455E-ADCA-25E33195DF00}.Debug|Any CPU.Build.0 = Debug|Any CPU
		{9148E088-93C4-455E-ADCA-25E33195DF00}.Release|Any CPU.ActiveCfg = Release|Any CPU
		{9148E088-93C4-455E-ADCA-25E33195DF00}.Release|Any CPU.Build.0 = Release|Any CPU
		{1FCACBF1-E944-41DF-83DC-BFBDB0701ECD}.Debug|Any CPU.ActiveCfg = Debug|Any CPU
		{1FCACBF1-E944-41DF-83DC-BFBDB0701ECD}.Debug|Any CPU.Build.0 = Debug|Any CPU
		{1FCACBF1-E944-41DF-83DC-BFBDB0701ECD}.Release|Any CPU.ActiveCfg = Release|Any CPU
		{1FCACBF1-E944-41DF-83DC-BFBDB0701ECD}.Release|Any CPU.Build.0 = Release|Any CPU
		{371D2A13-D465-4A8B-B591-4490A7E10ECE}.Debug|Any CPU.ActiveCfg = Debug|Any CPU
		{371D2A13-D465-4A8B-B591-4490A7E10ECE}.Debug|Any CPU.Build.0 = Debug|Any CPU
		{371D2A13-D465-4A8B-B591-4490A7E10ECE}.Release|Any CPU.ActiveCfg = Release|Any CPU
		{371D2A13-D465-4A8B-B591-4490A7E10ECE}.Release|Any CPU.Build.0 = Release|Any CPU
		{9EB482D8-7193-4D1C-BD62-1575DF22CABD}.Debug|Any CPU.ActiveCfg = Debug|Any CPU
		{9EB482D8-7193-4D1C-BD62-1575DF22CABD}.Debug|Any CPU.Build.0 = Debug|Any CPU
		{9EB482D8-7193-4D1C-BD62-1575DF22CABD}.Release|Any CPU.ActiveCfg = Release|Any CPU
		{9EB482D8-7193-4D1C-BD62-1575DF22CABD}.Release|Any CPU.Build.0 = Release|Any CPU
		{18C91676-2B95-47FA-8E14-5076E09C307A}.Debug|Any CPU.ActiveCfg = Debug|Any CPU
		{18C91676-2B95-47FA-8E14-5076E09C307A}.Debug|Any CPU.Build.0 = Debug|Any CPU
		{18C91676-2B95-47FA-8E14-5076E09C307A}.Release|Any CPU.ActiveCfg = Release|Any CPU
		{18C91676-2B95-47FA-8E14-5076E09C307A}.Release|Any CPU.Build.0 = Release|Any CPU
		{B935C915-8548-4B91-B026-B2CAE361FCB3}.Debug|Any CPU.ActiveCfg = Debug|Any CPU
		{B935C915-8548-4B91-B026-B2CAE361FCB3}.Debug|Any CPU.Build.0 = Debug|Any CPU
		{B935C915-8548-4B91-B026-B2CAE361FCB3}.Release|Any CPU.ActiveCfg = Release|Any CPU
		{B935C915-8548-4B91-B026-B2CAE361FCB3}.Release|Any CPU.Build.0 = Release|Any CPU
		{22909F12-A4D6-4F5E-B208-75BB688E17EB}.Debug|Any CPU.ActiveCfg = Debug|Any CPU
		{22909F12-A4D6-4F5E-B208-75BB688E17EB}.Debug|Any CPU.Build.0 = Debug|Any CPU
		{22909F12-A4D6-4F5E-B208-75BB688E17EB}.Release|Any CPU.ActiveCfg = Release|Any CPU
		{22909F12-A4D6-4F5E-B208-75BB688E17EB}.Release|Any CPU.Build.0 = Release|Any CPU
		{793A1BCC-0D79-4FF8-B3F1-2AF3B4BB95E1}.Debug|Any CPU.ActiveCfg = Debug|Any CPU
		{793A1BCC-0D79-4FF8-B3F1-2AF3B4BB95E1}.Debug|Any CPU.Build.0 = Debug|Any CPU
		{793A1BCC-0D79-4FF8-B3F1-2AF3B4BB95E1}.Release|Any CPU.ActiveCfg = Release|Any CPU
		{793A1BCC-0D79-4FF8-B3F1-2AF3B4BB95E1}.Release|Any CPU.Build.0 = Release|Any CPU
	EndGlobalSection
	GlobalSection(SolutionProperties) = preSolution
		HideSolutionNode = FALSE
	EndGlobalSection
	GlobalSection(ExtensibilityGlobals) = postSolution
		SolutionGuid = {5D2585A0-46CE-4153-A5C3-A606EF3950DE}
	EndGlobalSection
EndGlobal
