
Microsoft Visual Studio Solution File, Format Version 12.00
# Visual Studio Version 16
VisualStudioVersion = 16.0.31515.178
MinimumVisualStudioVersion = 10.0.40219.1
Project("{9A19103F-16F7-4668-BE54-9A1E7A4F7556}") = "FPVentures", "FPVentures\FPVentures.csproj", "{DC00A3FC-D1DA-4824-9B42-2891EFE9A8B8}"
EndProject
Project("{9A19103F-16F7-4668-BE54-9A1E7A4F7556}") = "FPVenturesFive9Dispostion", "FPVenturesFive9Dispostion\FPVenturesFive9Dispostion.csproj", "{D87A9AB5-C4F4-4F74-8CD7-15CCCFF719CC}"
EndProject
Project("{9A19103F-16F7-4668-BE54-9A1E7A4F7556}") = "FPVenturesPestRoutes", "FPVenturesPestRoutes\FPVenturesPestRoutes.csproj", "{C866D0D9-4887-4608-9AF7-F38FA3737B5D}"
EndProject
Project("{9A19103F-16F7-4668-BE54-9A1E7A4F7556}") = "PestRoutesTest", "PestRoutesTest\PestRoutesTest.csproj", "{9544A6BC-E709-41F2-943A-7CBB6BDEE3C1}"
EndProject
Project("{9A19103F-16F7-4668-BE54-9A1E7A4F7556}") = "FPVenturesFive9UnbounceDisposition", "FPVenturesFive9Disposition\FPVenturesFive9UnbounceDisposition.csproj", "{B2F39DB2-DE25-463C-89DC-6C82DA9CA773}"
EndProject
Project("{9A19103F-16F7-4668-BE54-9A1E7A4F7556}") = "UpdateDispositions", "UpdateDispositions\UpdateDispositions.csproj", "{AE48397D-8BE8-419E-8572-6EE1AC1B03CF}"
EndProject
Project("{9A19103F-16F7-4668-BE54-9A1E7A4F7556}") = "ZohoGoogleSheetsIntegration", "ZohoGoogleSheetsIntegration\ZohoGoogleSheetsIntegration.csproj", "{A903C2F7-938B-4644-9F42-6D834EA6C244}"
EndProject
Project("{9A19103F-16F7-4668-BE54-9A1E7A4F7556}") = "FPVenturesZohoGoogleSheetsIntegration", "FPVenturesZohoGoogleSheetsIntegration\FPVenturesZohoGoogleSheetsIntegration.csproj", "{6B43CA1D-C9A2-40E4-8F70-11EE6D8D147A}"
EndProject
Project("{9A19103F-16F7-4668-BE54-9A1E7A4F7556}") = "ZohoGoogleIntegration", "ZohoGoogleIntegration\ZohoGoogleIntegration.csproj", "{C2B34733-2470-446F-8D7E-E66DD927B33E}"
EndProject
Project("{9A19103F-16F7-4668-BE54-9A1E7A4F7556}") = "TEst", "TEst\TEst.csproj", "{C6EF416A-C41F-4F6F-BD16-5DB94945E2EB}"
EndProject
Project("{9A19103F-16F7-4668-BE54-9A1E7A4F7556}") = "FPVenturesHawx", "E:\Official\Projects\FP Ventures\FPVenturesHawx\FPVenturesHawx.csproj", "{08066874-A787-4F5D-B024-64EDF1C96120}"
EndProject
Project("{9A19103F-16F7-4668-BE54-9A1E7A4F7556}") = "FPVenturesHAWXIntegration", "E:\Official\Projects\FP Ventures\FPVenturesHAWXIntegration\FPVenturesHAWXIntegration.csproj", "{121AC8EF-5844-44B0-952E-04C89A5C3063}"
EndProject
Project("{9A19103F-16F7-4668-BE54-9A1E7A4F7556}") = "HeyFlowIntegration", "HeyFlowIntegration\HeyFlowIntegration.csproj", "{F97A6EAF-0F1B-4A0C-A782-251F48B19BFF}"
EndProject
Project("{9A19103F-16F7-4668-BE54-9A1E7A4F7556}") = "HeyFlowTest", "HeyFlowTest\HeyFlowTest.csproj", "{9148E088-93C4-455E-ADCA-25E33195DF00}"
EndProject
Project("{9A19103F-16F7-4668-BE54-9A1E7A4F7556}") = "FPVenturesZohoInventory", "FPVenturesZohoInventory\FPVenturesZohoInventory.csproj", "{1FCACBF1-E944-41DF-83DC-BFBDB0701ECD}"
EndProject
Project("{9A19103F-16F7-4668-BE54-9A1E7A4F7556}") = "FPVenturesFive9PestRouteDispositions", "FPVenturesPestRouteDispositions\FPVenturesFive9PestRouteDispositions.csproj", "{371D2A13-D465-4A8B-B591-4490A7E10ECE}"
EndProject
Global
	GlobalSection(SolutionConfigurationPlatforms) = preSolution
		Debug|Any CPU = Debug|Any CPU
		Release|Any CPU = Release|Any CPU
	EndGlobalSection
	GlobalSection(ProjectConfigurationPlatforms) = postSolution
		{DC00A3FC-D1DA-4824-9B42-2891EFE9A8B8}.Debug|Any CPU.ActiveCfg = Debug|Any CPU
		{DC00A3FC-D1DA-4824-9B42-2891EFE9A8B8}.Debug|Any CPU.Build.0 = Debug|Any CPU
		{DC00A3FC-D1DA-4824-9B42-2891EFE9A8B8}.Release|Any CPU.ActiveCfg = Release|Any CPU
		{DC00A3FC-D1DA-4824-9B42-2891EFE9A8B8}.Release|Any CPU.Build.0 = Release|Any CPU
		{D87A9AB5-C4F4-4F74-8CD7-15CCCFF719CC}.Debug|Any CPU.ActiveCfg = Debug|Any CPU
		{D87A9AB5-C4F4-4F74-8CD7-15CCCFF719CC}.Debug|Any CPU.Build.0 = Debug|Any CPU
		{D87A9AB5-C4F4-4F74-8CD7-15CCCFF719CC}.Release|Any CPU.ActiveCfg = Release|Any CPU
		{D87A9AB5-C4F4-4F74-8CD7-15CCCFF719CC}.Release|Any CPU.Build.0 = Release|Any CPU
		{C866D0D9-4887-4608-9AF7-F38FA3737B5D}.Debug|Any CPU.ActiveCfg = Debug|Any CPU
		{C866D0D9-4887-4608-9AF7-F38FA3737B5D}.Debug|Any CPU.Build.0 = Debug|Any CPU
		{C866D0D9-4887-4608-9AF7-F38FA3737B5D}.Release|Any CPU.ActiveCfg = Release|Any CPU
		{C866D0D9-4887-4608-9AF7-F38FA3737B5D}.Release|Any CPU.Build.0 = Release|Any CPU
		{9544A6BC-E709-41F2-943A-7CBB6BDEE3C1}.Debug|Any CPU.ActiveCfg = Debug|Any CPU
		{9544A6BC-E709-41F2-943A-7CBB6BDEE3C1}.Debug|Any CPU.Build.0 = Debug|Any CPU
		{9544A6BC-E709-41F2-943A-7CBB6BDEE3C1}.Release|Any CPU.ActiveCfg = Release|Any CPU
		{9544A6BC-E709-41F2-943A-7CBB6BDEE3C1}.Release|Any CPU.Build.0 = Release|Any CPU
		{B2F39DB2-DE25-463C-89DC-6C82DA9CA773}.Debug|Any CPU.ActiveCfg = Debug|Any CPU
		{B2F39DB2-DE25-463C-89DC-6C82DA9CA773}.Debug|Any CPU.Build.0 = Debug|Any CPU
		{B2F39DB2-DE25-463C-89DC-6C82DA9CA773}.Release|Any CPU.ActiveCfg = Release|Any CPU
		{B2F39DB2-DE25-463C-89DC-6C82DA9CA773}.Release|Any CPU.Build.0 = Release|Any CPU
		{AE48397D-8BE8-419E-8572-6EE1AC1B03CF}.Debug|Any CPU.ActiveCfg = Debug|Any CPU
		{AE48397D-8BE8-419E-8572-6EE1AC1B03CF}.Debug|Any CPU.Build.0 = Debug|Any CPU
		{AE48397D-8BE8-419E-8572-6EE1AC1B03CF}.Release|Any CPU.ActiveCfg = Release|Any CPU
		{AE48397D-8BE8-419E-8572-6EE1AC1B03CF}.Release|Any CPU.Build.0 = Release|Any CPU
		{A903C2F7-938B-4644-9F42-6D834EA6C244}.Debug|Any CPU.ActiveCfg = Debug|Any CPU
		{A903C2F7-938B-4644-9F42-6D834EA6C244}.Debug|Any CPU.Build.0 = Debug|Any CPU
		{A903C2F7-938B-4644-9F42-6D834EA6C244}.Release|Any CPU.ActiveCfg = Release|Any CPU
		{A903C2F7-938B-4644-9F42-6D834EA6C244}.Release|Any CPU.Build.0 = Release|Any CPU
		{6B43CA1D-C9A2-40E4-8F70-11EE6D8D147A}.Debug|Any CPU.ActiveCfg = Debug|Any CPU
		{6B43CA1D-C9A2-40E4-8F70-11EE6D8D147A}.Debug|Any CPU.Build.0 = Debug|Any CPU
		{6B43CA1D-C9A2-40E4-8F70-11EE6D8D147A}.Release|Any CPU.ActiveCfg = Release|Any CPU
		{6B43CA1D-C9A2-40E4-8F70-11EE6D8D147A}.Release|Any CPU.Build.0 = Release|Any CPU
		{C2B34733-2470-446F-8D7E-E66DD927B33E}.Debug|Any CPU.ActiveCfg = Debug|Any CPU
		{C2B34733-2470-446F-8D7E-E66DD927B33E}.Debug|Any CPU.Build.0 = Debug|Any CPU
		{C2B34733-2470-446F-8D7E-E66DD927B33E}.Release|Any CPU.ActiveCfg = Release|Any CPU
		{C2B34733-2470-446F-8D7E-E66DD927B33E}.Release|Any CPU.Build.0 = Release|Any CPU
		{C6EF416A-C41F-4F6F-BD16-5DB94945E2EB}.Debug|Any CPU.ActiveCfg = Debug|Any CPU
		{C6EF416A-C41F-4F6F-BD16-5DB94945E2EB}.Debug|Any CPU.Build.0 = Debug|Any CPU
		{C6EF416A-C41F-4F6F-BD16-5DB94945E2EB}.Release|Any CPU.ActiveCfg = Release|Any CPU
		{C6EF416A-C41F-4F6F-BD16-5DB94945E2EB}.Release|Any CPU.Build.0 = Release|Any CPU
		{08066874-A787-4F5D-B024-64EDF1C96120}.Debug|Any CPU.ActiveCfg = Debug|Any CPU
		{08066874-A787-4F5D-B024-64EDF1C96120}.Debug|Any CPU.Build.0 = Debug|Any CPU
		{08066874-A787-4F5D-B024-64EDF1C96120}.Release|Any CPU.ActiveCfg = Release|Any CPU
		{08066874-A787-4F5D-B024-64EDF1C96120}.Release|Any CPU.Build.0 = Release|Any CPU
		{121AC8EF-5844-44B0-952E-04C89A5C3063}.Debug|Any CPU.ActiveCfg = Debug|Any CPU
		{121AC8EF-5844-44B0-952E-04C89A5C3063}.Debug|Any CPU.Build.0 = Debug|Any CPU
		{121AC8EF-5844-44B0-952E-04C89A5C3063}.Release|Any CPU.ActiveCfg = Release|Any CPU
		{121AC8EF-5844-44B0-952E-04C89A5C3063}.Release|Any CPU.Build.0 = Release|Any CPU
		{F97A6EAF-0F1B-4A0C-A782-251F48B19BFF}.Debug|Any CPU.ActiveCfg = Debug|Any CPU
		{F97A6EAF-0F1B-4A0C-A782-251F48B19BFF}.Debug|Any CPU.Build.0 = Debug|Any CPU
		{F97A6EAF-0F1B-4A0C-A782-251F48B19BFF}.Release|Any CPU.ActiveCfg = Release|Any CPU
		{F97A6EAF-0F1B-4A0C-A782-251F48B19BFF}.Release|Any CPU.Build.0 = Release|Any CPU
		{9148E088-93C4-455E-ADCA-25E33195DF00}.Debug|Any CPU.ActiveCfg = Debug|Any CPU
		{9148E088-93C4-455E-ADCA-25E33195DF00}.Debug|Any CPU.Build.0 = Debug|Any CPU
		{9148E088-93C4-455E-ADCA-25E33195DF00}.Release|Any CPU.ActiveCfg = Release|Any CPU
		{9148E088-93C4-455E-ADCA-25E33195DF00}.Release|Any CPU.Build.0 = Release|Any CPU
		{1FCACBF1-E944-41DF-83DC-BFBDB0701ECD}.Debug|Any CPU.ActiveCfg = Debug|Any CPU
		{1FCACBF1-E944-41DF-83DC-BFBDB0701ECD}.Debug|Any CPU.Build.0 = Debug|Any CPU
		{1FCACBF1-E944-41DF-83DC-BFBDB0701ECD}.Release|Any CPU.ActiveCfg = Release|Any CPU
		{1FCACBF1-E944-41DF-83DC-BFBDB0701ECD}.Release|Any CPU.Build.0 = Release|Any CPU
		{371D2A13-D465-4A8B-B591-4490A7E10ECE}.Debug|Any CPU.ActiveCfg = Debug|Any CPU
		{371D2A13-D465-4A8B-B591-4490A7E10ECE}.Debug|Any CPU.Build.0 = Debug|Any CPU
		{371D2A13-D465-4A8B-B591-4490A7E10ECE}.Release|Any CPU.ActiveCfg = Release|Any CPU
		{371D2A13-D465-4A8B-B591-4490A7E10ECE}.Release|Any CPU.Build.0 = Release|Any CPU
	EndGlobalSection
	GlobalSection(SolutionProperties) = preSolution
		HideSolutionNode = FALSE
	EndGlobalSection
	GlobalSection(ExtensibilityGlobals) = postSolution
		SolutionGuid = {5D2585A0-46CE-4153-A5C3-A606EF3950DE}
	EndGlobalSection
EndGlobal
